
Microsoft Visual Studio Solution File, Format Version 12.00
# Visual Studio Version 16
VisualStudioVersion = 16.0.32106.194
MinimumVisualStudioVersion = 10.0.40219.1
Project("{FAE04EC0-301F-11D3-BF4B-00C04F79EFBC}") = "Azure_App_Practice", "Azure_App_Practice\Azure_App_Practice.csproj", "{1B8A5287-50FB-4419-8650-E0A44163893D}"
EndProject
Global
	GlobalSection(SolutionConfigurationPlatforms) = preSolution
		Debug|Any CPU = Debug|Any CPU
		Release|Any CPU = Release|Any CPU
	EndGlobalSection
	GlobalSection(ProjectConfigurationPlatforms) = postSolution
		{1B8A5287-50FB-4419-8650-E0A44163893D}.Debug|Any CPU.ActiveCfg = Debug|Any CPU
		{1B8A5287-50FB-4419-8650-E0A44163893D}.Debug|Any CPU.Build.0 = Debug|Any CPU
		{1B8A5287-50FB-4419-8650-E0A44163893D}.Release|Any CPU.ActiveCfg = Release|Any CPU
		{1B8A5287-50FB-4419-8650-E0A44163893D}.Release|Any CPU.Build.0 = Release|Any CPU
	EndGlobalSection
	GlobalSection(SolutionProperties) = preSolution
		HideSolutionNode = FALSE
	EndGlobalSection
	GlobalSection(ExtensibilityGlobals) = postSolution
		SolutionGuid = {5E757F86-6291-43EA-B502-F9006C87C193}
	EndGlobalSection
EndGlobal
